
Microsoft Visual Studio Solution File, Format Version 12.00
# Visual Studio 15
VisualStudioVersion = 15.0.25807.0
MinimumVisualStudioVersion = 10.0.40219.1
Project("{2150E333-8FDC-42A3-9474-1A3956D46DE8}") = "Engine", "Engine", "{632D5455-9917-411F-A527-958DD637C562}"
EndProject
Project("{2150E333-8FDC-42A3-9474-1A3956D46DE8}") = "Games", "Games", "{C447E520-966D-4DB9-B434-6B59EA1024B0}"
EndProject
Project("{8BC9CEB8-8B4A-11D0-8D11-00A0C91BC942}") = "UE4", "Intermediate\ProjectFiles\UE4.vcxproj", "{8392DEA9-30B3-4E0F-B72D-6F422910A5D6}"
EndProject
Project("{8BC9CEB8-8B4A-11D0-8D11-00A0C91BC942}") = "myRTS", "Intermediate\ProjectFiles\myRTS.vcxproj", "{2C933F1D-38C9-4CAE-8C6D-B32561C177B9}"
EndProject
Project("{2150E333-8FDC-42A3-9474-1A3956D46DE8}") = "Visualizers", "Visualizers", "{B60C7C0D-1BB6-4DEF-9E00-E99693D1F76F}"
	ProjectSection(SolutionItems) = preProject
		..\..\..\..\Program Files\Epic Games\UE_4.22\Engine\Extras\VisualStudioDebugging\UE4.natvis = ..\..\..\..\Program Files\Epic Games\UE_4.22\Engine\Extras\VisualStudioDebugging\UE4.natvis
	EndProjectSection
EndProject
Global
	GlobalSection(SolutionConfigurationPlatforms) = preSolution
		DebugGame Editor|HTML5 = DebugGame Editor|HTML5
		DebugGame Editor|Win32 = DebugGame Editor|Win32
		DebugGame Editor|Win64 = DebugGame Editor|Win64
		DebugGame|HTML5 = DebugGame|HTML5
		DebugGame|Win32 = DebugGame|Win32
		DebugGame|Win64 = DebugGame|Win64
		Development Editor|HTML5 = Development Editor|HTML5
		Development Editor|Win32 = Development Editor|Win32
		Development Editor|Win64 = Development Editor|Win64
		Development|HTML5 = Development|HTML5
		Development|Win32 = Development|Win32
		Development|Win64 = Development|Win64
		Shipping|HTML5 = Shipping|HTML5
		Shipping|Win32 = Shipping|Win32
		Shipping|Win64 = Shipping|Win64
	EndGlobalSection
	GlobalSection(ProjectConfigurationPlatforms) = postSolution
		{8392DEA9-30B3-4E0F-B72D-6F422910A5D6}.DebugGame Editor|HTML5.ActiveCfg = BuiltWithUnrealBuildTool|Win32
		{8392DEA9-30B3-4E0F-B72D-6F422910A5D6}.DebugGame Editor|Win32.ActiveCfg = BuiltWithUnrealBuildTool|Win32
		{8392DEA9-30B3-4E0F-B72D-6F422910A5D6}.DebugGame Editor|Win64.ActiveCfg = BuiltWithUnrealBuildTool|Win32
		{8392DEA9-30B3-4E0F-B72D-6F422910A5D6}.DebugGame|HTML5.ActiveCfg = BuiltWithUnrealBuildTool|Win32
		{8392DEA9-30B3-4E0F-B72D-6F422910A5D6}.DebugGame|Win32.ActiveCfg = BuiltWithUnrealBuildTool|Win32
		{8392DEA9-30B3-4E0F-B72D-6F422910A5D6}.DebugGame|Win64.ActiveCfg = BuiltWithUnrealBuildTool|Win32
		{8392DEA9-30B3-4E0F-B72D-6F422910A5D6}.Development Editor|HTML5.ActiveCfg = BuiltWithUnrealBuildTool|Win32
		{8392DEA9-30B3-4E0F-B72D-6F422910A5D6}.Development Editor|Win32.ActiveCfg = BuiltWithUnrealBuildTool|Win32
		{8392DEA9-30B3-4E0F-B72D-6F422910A5D6}.Development Editor|Win64.ActiveCfg = BuiltWithUnrealBuildTool|Win32
		{8392DEA9-30B3-4E0F-B72D-6F422910A5D6}.Development|HTML5.ActiveCfg = BuiltWithUnrealBuildTool|Win32
		{8392DEA9-30B3-4E0F-B72D-6F422910A5D6}.Development|Win32.ActiveCfg = BuiltWithUnrealBuildTool|Win32
		{8392DEA9-30B3-4E0F-B72D-6F422910A5D6}.Development|Win64.ActiveCfg = BuiltWithUnrealBuildTool|Win32
		{8392DEA9-30B3-4E0F-B72D-6F422910A5D6}.Shipping|HTML5.ActiveCfg = BuiltWithUnrealBuildTool|Win32
		{8392DEA9-30B3-4E0F-B72D-6F422910A5D6}.Shipping|Win32.ActiveCfg = BuiltWithUnrealBuildTool|Win32
		{8392DEA9-30B3-4E0F-B72D-6F422910A5D6}.Shipping|Win64.ActiveCfg = BuiltWithUnrealBuildTool|Win32
		{2C933F1D-38C9-4CAE-8C6D-B32561C177B9}.DebugGame Editor|HTML5.ActiveCfg = Invalid|Win32
		{2C933F1D-38C9-4CAE-8C6D-B32561C177B9}.DebugGame Editor|Win32.ActiveCfg = Invalid|Win32
		{2C933F1D-38C9-4CAE-8C6D-B32561C177B9}.DebugGame Editor|Win64.ActiveCfg = DebugGame_Editor|x64
		{2C933F1D-38C9-4CAE-8C6D-B32561C177B9}.DebugGame Editor|Win64.Build.0 = DebugGame_Editor|x64
		{2C933F1D-38C9-4CAE-8C6D-B32561C177B9}.DebugGame|HTML5.ActiveCfg = HTML5_DebugGame|Win32
		{2C933F1D-38C9-4CAE-8C6D-B32561C177B9}.DebugGame|HTML5.Build.0 = HTML5_DebugGame|Win32
		{2C933F1D-38C9-4CAE-8C6D-B32561C177B9}.DebugGame|Win32.ActiveCfg = DebugGame|Win32
		{2C933F1D-38C9-4CAE-8C6D-B32561C177B9}.DebugGame|Win32.Build.0 = DebugGame|Win32
		{2C933F1D-38C9-4CAE-8C6D-B32561C177B9}.DebugGame|Win64.ActiveCfg = DebugGame|x64
		{2C933F1D-38C9-4CAE-8C6D-B32561C177B9}.DebugGame|Win64.Build.0 = DebugGame|x64
		{2C933F1D-38C9-4CAE-8C6D-B32561C177B9}.Development Editor|HTML5.ActiveCfg = Invalid|Win32
		{2C933F1D-38C9-4CAE-8C6D-B32561C177B9}.Development Editor|Win32.ActiveCfg = Invalid|Win32
		{2C933F1D-38C9-4CAE-8C6D-B32561C177B9}.Development Editor|Win64.ActiveCfg = Development_Editor|x64
		{2C933F1D-38C9-4CAE-8C6D-B32561C177B9}.Development Editor|Win64.Build.0 = Development_Editor|x64
		{2C933F1D-38C9-4CAE-8C6D-B32561C177B9}.Development|HTML5.ActiveCfg = HTML5_Development|Win32
		{2C933F1D-38C9-4CAE-8C6D-B32561C177B9}.Development|HTML5.Build.0 = HTML5_Development|Win32
		{2C933F1D-38C9-4CAE-8C6D-B32561C177B9}.Development|Win32.ActiveCfg = Development|Win32
		{2C933F1D-38C9-4CAE-8C6D-B32561C177B9}.Development|Win32.Build.0 = Development|Win32
		{2C933F1D-38C9-4CAE-8C6D-B32561C177B9}.Development|Win64.ActiveCfg = Development|x64
		{2C933F1D-38C9-4CAE-8C6D-B32561C177B9}.Development|Win64.Build.0 = Development|x64
		{2C933F1D-38C9-4CAE-8C6D-B32561C177B9}.Shipping|HTML5.ActiveCfg = HTML5_Shipping|Win32
		{2C933F1D-38C9-4CAE-8C6D-B32561C177B9}.Shipping|HTML5.Build.0 = HTML5_Shipping|Win32
		{2C933F1D-38C9-4CAE-8C6D-B32561C177B9}.Shipping|Win32.ActiveCfg = Shipping|Win32
		{2C933F1D-38C9-4CAE-8C6D-B32561C177B9}.Shipping|Win32.Build.0 = Shipping|Win32
		{2C933F1D-38C9-4CAE-8C6D-B32561C177B9}.Shipping|Win64.ActiveCfg = Shipping|x64
		{2C933F1D-38C9-4CAE-8C6D-B32561C177B9}.Shipping|Win64.Build.0 = Shipping|x64
	EndGlobalSection
	GlobalSection(SolutionProperties) = preSolution
		HideSolutionNode = FALSE
	EndGlobalSection
	GlobalSection(NestedProjects) = preSolution
		{8392DEA9-30B3-4E0F-B72D-6F422910A5D6} = {632D5455-9917-411F-A527-958DD637C562}
		{2C933F1D-38C9-4CAE-8C6D-B32561C177B9} = {C447E520-966D-4DB9-B434-6B59EA1024B0}
	EndGlobalSection
EndGlobal
