
Microsoft Visual Studio Solution File, Format Version 12.00
# Visual Studio 15
VisualStudioVersion = 15.0.25807.0
MinimumVisualStudioVersion = 10.0.40219.1
Project("{2150E333-8FDC-42A3-9474-1A3956D46DE8}") = "Engine", "Engine", "{82CC73F4-5BC8-498C-8947-1C96070E4FA2}"
EndProject
Project("{2150E333-8FDC-42A3-9474-1A3956D46DE8}") = "Games", "Games", "{9F574949-4CF6-4B24-8529-D2F4BA4D4EFA}"
EndProject
Project("{8BC9CEB8-8B4A-11D0-8D11-00A0C91BC942}") = "UE4", "Intermediate\ProjectFiles\UE4.vcxproj", "{A6570E83-8CB8-42EF-94BD-C06523FF72B4}"
EndProject
Project("{8BC9CEB8-8B4A-11D0-8D11-00A0C91BC942}") = "myRTS", "Intermediate\ProjectFiles\myRTS.vcxproj", "{5F15EE58-486D-47A9-81E5-D377A56A7931}"
EndProject
Project("{2150E333-8FDC-42A3-9474-1A3956D46DE8}") = "Visualizers", "Visualizers", "{3E774F4F-952D-4508-B02B-192088F2797D}"
	ProjectSection(SolutionItems) = preProject
		..\..\..\..\Program Files\Epic Games\UE_4.22\Engine\Extras\VisualStudioDebugging\UE4.natvis = ..\..\..\..\Program Files\Epic Games\UE_4.22\Engine\Extras\VisualStudioDebugging\UE4.natvis
	EndProjectSection
EndProject
Global
	GlobalSection(SolutionConfigurationPlatforms) = preSolution
		DebugGame Editor|HTML5 = DebugGame Editor|HTML5
		DebugGame Editor|Win32 = DebugGame Editor|Win32
		DebugGame Editor|Win64 = DebugGame Editor|Win64
		DebugGame|HTML5 = DebugGame|HTML5
		DebugGame|Win32 = DebugGame|Win32
		DebugGame|Win64 = DebugGame|Win64
		Development Editor|HTML5 = Development Editor|HTML5
		Development Editor|Win32 = Development Editor|Win32
		Development Editor|Win64 = Development Editor|Win64
		Development|HTML5 = Development|HTML5
		Development|Win32 = Development|Win32
		Development|Win64 = Development|Win64
		Shipping|HTML5 = Shipping|HTML5
		Shipping|Win32 = Shipping|Win32
		Shipping|Win64 = Shipping|Win64
	EndGlobalSection
	GlobalSection(ProjectConfigurationPlatforms) = postSolution
		{A6570E83-8CB8-42EF-94BD-C06523FF72B4}.DebugGame Editor|HTML5.ActiveCfg = BuiltWithUnrealBuildTool|Win32
		{A6570E83-8CB8-42EF-94BD-C06523FF72B4}.DebugGame Editor|Win32.ActiveCfg = BuiltWithUnrealBuildTool|Win32
		{A6570E83-8CB8-42EF-94BD-C06523FF72B4}.DebugGame Editor|Win64.ActiveCfg = BuiltWithUnrealBuildTool|Win32
		{A6570E83-8CB8-42EF-94BD-C06523FF72B4}.DebugGame|HTML5.ActiveCfg = BuiltWithUnrealBuildTool|Win32
		{A6570E83-8CB8-42EF-94BD-C06523FF72B4}.DebugGame|Win32.ActiveCfg = BuiltWithUnrealBuildTool|Win32
		{A6570E83-8CB8-42EF-94BD-C06523FF72B4}.DebugGame|Win64.ActiveCfg = BuiltWithUnrealBuildTool|Win32
		{A6570E83-8CB8-42EF-94BD-C06523FF72B4}.Development Editor|HTML5.ActiveCfg = BuiltWithUnrealBuildTool|Win32
		{A6570E83-8CB8-42EF-94BD-C06523FF72B4}.Development Editor|Win32.ActiveCfg = BuiltWithUnrealBuildTool|Win32
		{A6570E83-8CB8-42EF-94BD-C06523FF72B4}.Development Editor|Win64.ActiveCfg = BuiltWithUnrealBuildTool|Win32
		{A6570E83-8CB8-42EF-94BD-C06523FF72B4}.Development|HTML5.ActiveCfg = BuiltWithUnrealBuildTool|Win32
		{A6570E83-8CB8-42EF-94BD-C06523FF72B4}.Development|Win32.ActiveCfg = BuiltWithUnrealBuildTool|Win32
		{A6570E83-8CB8-42EF-94BD-C06523FF72B4}.Development|Win64.ActiveCfg = BuiltWithUnrealBuildTool|Win32
		{A6570E83-8CB8-42EF-94BD-C06523FF72B4}.Shipping|HTML5.ActiveCfg = BuiltWithUnrealBuildTool|Win32
		{A6570E83-8CB8-42EF-94BD-C06523FF72B4}.Shipping|Win32.ActiveCfg = BuiltWithUnrealBuildTool|Win32
		{A6570E83-8CB8-42EF-94BD-C06523FF72B4}.Shipping|Win64.ActiveCfg = BuiltWithUnrealBuildTool|Win32
		{5F15EE58-486D-47A9-81E5-D377A56A7931}.DebugGame Editor|HTML5.ActiveCfg = Invalid|Win32
		{5F15EE58-486D-47A9-81E5-D377A56A7931}.DebugGame Editor|Win32.ActiveCfg = Invalid|Win32
		{5F15EE58-486D-47A9-81E5-D377A56A7931}.DebugGame Editor|Win64.ActiveCfg = DebugGame_Editor|x64
		{5F15EE58-486D-47A9-81E5-D377A56A7931}.DebugGame Editor|Win64.Build.0 = DebugGame_Editor|x64
		{5F15EE58-486D-47A9-81E5-D377A56A7931}.DebugGame|HTML5.ActiveCfg = HTML5_DebugGame|Win32
		{5F15EE58-486D-47A9-81E5-D377A56A7931}.DebugGame|HTML5.Build.0 = HTML5_DebugGame|Win32
		{5F15EE58-486D-47A9-81E5-D377A56A7931}.DebugGame|Win32.ActiveCfg = DebugGame|Win32
		{5F15EE58-486D-47A9-81E5-D377A56A7931}.DebugGame|Win32.Build.0 = DebugGame|Win32
		{5F15EE58-486D-47A9-81E5-D377A56A7931}.DebugGame|Win64.ActiveCfg = DebugGame|x64
		{5F15EE58-486D-47A9-81E5-D377A56A7931}.DebugGame|Win64.Build.0 = DebugGame|x64
		{5F15EE58-486D-47A9-81E5-D377A56A7931}.Development Editor|HTML5.ActiveCfg = Invalid|Win32
		{5F15EE58-486D-47A9-81E5-D377A56A7931}.Development Editor|Win32.ActiveCfg = Invalid|Win32
		{5F15EE58-486D-47A9-81E5-D377A56A7931}.Development Editor|Win64.ActiveCfg = Development_Editor|x64
		{5F15EE58-486D-47A9-81E5-D377A56A7931}.Development Editor|Win64.Build.0 = Development_Editor|x64
		{5F15EE58-486D-47A9-81E5-D377A56A7931}.Development|HTML5.ActiveCfg = HTML5_Development|Win32
		{5F15EE58-486D-47A9-81E5-D377A56A7931}.Development|HTML5.Build.0 = HTML5_Development|Win32
		{5F15EE58-486D-47A9-81E5-D377A56A7931}.Development|Win32.ActiveCfg = Development|Win32
		{5F15EE58-486D-47A9-81E5-D377A56A7931}.Development|Win32.Build.0 = Development|Win32
		{5F15EE58-486D-47A9-81E5-D377A56A7931}.Development|Win64.ActiveCfg = Development|x64
		{5F15EE58-486D-47A9-81E5-D377A56A7931}.Development|Win64.Build.0 = Development|x64
		{5F15EE58-486D-47A9-81E5-D377A56A7931}.Shipping|HTML5.ActiveCfg = HTML5_Shipping|Win32
		{5F15EE58-486D-47A9-81E5-D377A56A7931}.Shipping|HTML5.Build.0 = HTML5_Shipping|Win32
		{5F15EE58-486D-47A9-81E5-D377A56A7931}.Shipping|Win32.ActiveCfg = Shipping|Win32
		{5F15EE58-486D-47A9-81E5-D377A56A7931}.Shipping|Win32.Build.0 = Shipping|Win32
		{5F15EE58-486D-47A9-81E5-D377A56A7931}.Shipping|Win64.ActiveCfg = Shipping|x64
		{5F15EE58-486D-47A9-81E5-D377A56A7931}.Shipping|Win64.Build.0 = Shipping|x64
	EndGlobalSection
	GlobalSection(SolutionProperties) = preSolution
		HideSolutionNode = FALSE
	EndGlobalSection
	GlobalSection(NestedProjects) = preSolution
		{A6570E83-8CB8-42EF-94BD-C06523FF72B4} = {82CC73F4-5BC8-498C-8947-1C96070E4FA2}
		{5F15EE58-486D-47A9-81E5-D377A56A7931} = {9F574949-4CF6-4B24-8529-D2F4BA4D4EFA}
	EndGlobalSection
EndGlobal
